
Microsoft Visual Studio Solution File, Format Version 12.00
# Visual Studio 15
VisualStudioVersion = 15.0.27004.2005
MinimumVisualStudioVersion = 10.0.40219.1
Project("{8BC9CEB8-8B4A-11D0-8D11-00A0C91BC942}") = "PerfFlow", "PerfFlow\PerfFlow.vcxproj", "{811264C4-5447-47B4-9C99-06B03B1CD7C9}"
EndProject
Project("{8BC9CEB8-8B4A-11D0-8D11-00A0C91BC942}") = "PerfFlowTests", "PerfFlowTests\PerfFlowTests.vcxproj", "{6DC65B28-86DB-40EE-B50A-01E23213988C}"
EndProject
Project("{8BC9CEB8-8B4A-11D0-8D11-00A0C91BC942}") = "PerfFlowUI", "PerfFlowUI\PerfFlowUI.vcxproj", "{43465A2E-11C4-4437-B615-C5EE369BFA8B}"
EndProject
Project("{8BC9CEB8-8B4A-11D0-8D11-00A0C91BC942}") = "PerfFlowVisualizers", "PerfFlowVisualizers\PerfFlowVisualizers.vcxproj", "{AE4B2E0D-B3A0-4B5E-8691-71584A6228F1}"
EndProject
Project("{8BC9CEB8-8B4A-11D0-8D11-00A0C91BC942}") = "glad", "Libraries\glad\glad.vcxproj", "{5D200CA1-8CF2-4F3C-995F-74A94D076C4F}"
EndProject
Global
	GlobalSection(SolutionConfigurationPlatforms) = preSolution
		Debug|x64 = Debug|x64
		Release|x64 = Release|x64
	EndGlobalSection
	GlobalSection(ProjectConfigurationPlatforms) = postSolution
		{811264C4-5447-47B4-9C99-06B03B1CD7C9}.Debug|x64.ActiveCfg = Debug|x64
		{811264C4-5447-47B4-9C99-06B03B1CD7C9}.Debug|x64.Build.0 = Debug|x64
		{811264C4-5447-47B4-9C99-06B03B1CD7C9}.Release|x64.ActiveCfg = Debug|x64
		{811264C4-5447-47B4-9C99-06B03B1CD7C9}.Release|x64.Build.0 = Debug|x64
		{6DC65B28-86DB-40EE-B50A-01E23213988C}.Debug|x64.ActiveCfg = Debug|x64
		{6DC65B28-86DB-40EE-B50A-01E23213988C}.Debug|x64.Build.0 = Debug|x64
		{6DC65B28-86DB-40EE-B50A-01E23213988C}.Release|x64.ActiveCfg = Debug|x64
		{6DC65B28-86DB-40EE-B50A-01E23213988C}.Release|x64.Build.0 = Debug|x64
		{43465A2E-11C4-4437-B615-C5EE369BFA8B}.Debug|x64.ActiveCfg = Debug|x64
		{43465A2E-11C4-4437-B615-C5EE369BFA8B}.Debug|x64.Build.0 = Debug|x64
		{43465A2E-11C4-4437-B615-C5EE369BFA8B}.Release|x64.ActiveCfg = Debug|x64
		{43465A2E-11C4-4437-B615-C5EE369BFA8B}.Release|x64.Build.0 = Debug|x64
		{AE4B2E0D-B3A0-4B5E-8691-71584A6228F1}.Debug|x64.ActiveCfg = Debug|x64
		{AE4B2E0D-B3A0-4B5E-8691-71584A6228F1}.Debug|x64.Build.0 = Debug|x64
		{AE4B2E0D-B3A0-4B5E-8691-71584A6228F1}.Release|x64.ActiveCfg = Debug|x64
		{AE4B2E0D-B3A0-4B5E-8691-71584A6228F1}.Release|x64.Build.0 = Debug|x64
		{5D200CA1-8CF2-4F3C-995F-74A94D076C4F}.Debug|x64.ActiveCfg = Debug|x64
		{5D200CA1-8CF2-4F3C-995F-74A94D076C4F}.Debug|x64.Build.0 = Debug|x64
		{5D200CA1-8CF2-4F3C-995F-74A94D076C4F}.Release|x64.ActiveCfg = Debug|x64
		{5D200CA1-8CF2-4F3C-995F-74A94D076C4F}.Release|x64.Build.0 = Debug|x64
	EndGlobalSection
	GlobalSection(SolutionProperties) = preSolution
		HideSolutionNode = FALSE
	EndGlobalSection
	GlobalSection(ExtensibilityGlobals) = postSolution
		SolutionGuid = {075ED72C-564F-47F0-8E5C-93798EED4A05}
	EndGlobalSection
EndGlobal
